
Microsoft Visual Studio Solution File, Format Version 12.00
# Visual Studio Version 17
VisualStudioVersion = 17.2.32516.85
MinimumVisualStudioVersion = 10.0.40219.1
Project("{FAE04EC0-301F-11D3-BF4B-00C04F79EFBC}") = "DinePartner", "DinePartner\DinePartner.csproj", "{A750C06E-B182-4606-B238-0AACDFF7AF1D}"
EndProject
Global
	GlobalSection(SolutionConfigurationPlatforms) = preSolution
		Debug|Any CPU = Debug|Any CPU
		Release|Any CPU = Release|Any CPU
	EndGlobalSection
	GlobalSection(ProjectConfigurationPlatforms) = postSolution
		{A750C06E-B182-4606-B238-0AACDFF7AF1D}.Debug|Any CPU.ActiveCfg = Debug|Any CPU
		{A750C06E-B182-4606-B238-0AACDFF7AF1D}.Debug|Any CPU.Build.0 = Debug|Any CPU
		{A750C06E-B182-4606-B238-0AACDFF7AF1D}.Release|Any CPU.ActiveCfg = Release|Any CPU
		{A750C06E-B182-4606-B238-0AACDFF7AF1D}.Release|Any CPU.Build.0 = Release|Any CPU
	EndGlobalSection
	GlobalSection(SolutionProperties) = preSolution
		HideSolutionNode = FALSE
	EndGlobalSection
	GlobalSection(ExtensibilityGlobals) = postSolution
		SolutionGuid = {0EC071F5-CA69-4C8B-8BB3-CBAF2D5414E2}
	EndGlobalSection
EndGlobal
